// !$*UTF8*$!
{
	archiveVersion = 1;
	classes = {
	};
	objectVersion = 50;
	objects = {

/* Begin PBXBuildFile section */
		9BA6CD6F26B4F55E00BC12AE /* ADAAcademySwiftUIApp.swift in Sources */ = {isa = PBXBuildFile; fileRef = 9BA6CD6E26B4F55E00BC12AE /* ADAAcademySwiftUIApp.swift */; };
		9BA6CD7126B4F55E00BC12AE /* ContentView.swift in Sources */ = {isa = PBXBuildFile; fileRef = 9BA6CD7026B4F55E00BC12AE /* ContentView.swift */; };
		9BA6CD7326B4F55F00BC12AE /* Assets.xcassets in Resources */ = {isa = PBXBuildFile; fileRef = 9BA6CD7226B4F55F00BC12AE /* Assets.xcassets */; };
		9BA6CD7626B4F55F00BC12AE /* Preview Assets.xcassets in Resources */ = {isa = PBXBuildFile; fileRef = 9BA6CD7526B4F55F00BC12AE /* Preview Assets.xcassets */; };
		9BA6CD7826B4F55F00BC12AE /* Persistence.swift in Sources */ = {isa = PBXBuildFile; fileRef = 9BA6CD7726B4F55F00BC12AE /* Persistence.swift */; };
		9BA6CD7B26B4F55F00BC12AE /* ADAAcademySwiftUI.xcdatamodeld in Sources */ = {isa = PBXBuildFile; fileRef = 9BA6CD7926B4F55F00BC12AE /* ADAAcademySwiftUI.xcdatamodeld */; };
/* End PBXBuildFile section */

/* Begin PBXFileReference section */
		9BA6CD6B26B4F55E00BC12AE /* ADAAcademySwiftUI.app */ = {isa = PBXFileReference; explicitFileType = wrapper.application; includeInIndex = 0; path = ADAAcademySwiftUI.app; sourceTree = BUILT_PRODUCTS_DIR; };
		9BA6CD6E26B4F55E00BC12AE /* ADAAcademySwiftUIApp.swift */ = {isa = PBXFileReference; lastKnownFileType = sourcecode.swift; path = ADAAcademySwiftUIApp.swift; sourceTree = "<group>"; };
		9BA6CD7026B4F55E00BC12AE /* ContentView.swift */ = {isa = PBXFileReference; lastKnownFileType = sourcecode.swift; path = ContentView.swift; sourceTree = "<group>"; };
		9BA6CD7226B4F55F00BC12AE /* Assets.xcassets */ = {isa = PBXFileReference; lastKnownFileType = folder.assetcatalog; path = Assets.xcassets; sourceTree = "<group>"; };
		9BA6CD7526B4F55F00BC12AE /* Preview Assets.xcassets */ = {isa = PBXFileReference; lastKnownFileType = folder.assetcatalog; path = "Preview Assets.xcassets"; sourceTree = "<group>"; };
		9BA6CD7726B4F55F00BC12AE /* Persistence.swift */ = {isa = PBXFileReference; lastKnownFileType = sourcecode.swift; path = Persistence.swift; sourceTree = "<group>"; };
		9BA6CD7A26B4F55F00BC12AE /* ADAAcademySwiftUI.xcdatamodel */ = {isa = PBXFileReference; lastKnownFileType = wrapper.xcdatamodel; path = ADAAcademySwiftUI.xcdatamodel; sourceTree = "<group>"; };
		9BA6CD7C26B4F55F00BC12AE /* Info.plist */ = {isa = PBXFileReference; lastKnownFileType = text.plist.xml; path = Info.plist; sourceTree = "<group>"; };
/* End PBXFileReference section */

/* Begin PBXFrameworksBuildPhase section */
		9BA6CD6826B4F55E00BC12AE /* Frameworks */ = {
			isa = PBXFrameworksBuildPhase;
			buildActionMask = 2147483647;
			files = (
			);
			runOnlyForDeploymentPostprocessing = 0;
		};
/* End PBXFrameworksBuildPhase section */

/* Begin PBXGroup section */
		9BA6CD6226B4F55E00BC12AE = {
			isa = PBXGroup;
			children = (
				9BA6CD6D26B4F55E00BC12AE /* ADAAcademySwiftUI */,
				9BA6CD6C26B4F55E00BC12AE /* Products */,
			);
			sourceTree = "<group>";
		};
		9BA6CD6C26B4F55E00BC12AE /* Products */ = {
			isa = PBXGroup;
			children = (
				9BA6CD6B26B4F55E00BC12AE /* ADAAcademySwiftUI.app */,
			);
			name = Products;
			sourceTree = "<group>";
		};
		9BA6CD6D26B4F55E00BC12AE /* ADAAcademySwiftUI */ = {
			isa = PBXGroup;
			children = (
				9BA6CD6E26B4F55E00BC12AE /* ADAAcademySwiftUIApp.swift */,
				9BA6CD7026B4F55E00BC12AE /* ContentView.swift */,
				9BA6CD7226B4F55F00BC12AE /* Assets.xcassets */,
				9BA6CD7726B4F55F00BC12AE /* Persistence.swift */,
				9BA6CD7C26B4F55F00BC12AE /* Info.plist */,
				9BA6CD7926B4F55F00BC12AE /* ADAAcademySwiftUI.xcdatamodeld */,
				9BA6CD7426B4F55F00BC12AE /* Preview Content */,
			);
			path = ADAAcademySwiftUI;
			sourceTree = "<group>";
		};
		9BA6CD7426B4F55F00BC12AE /* Preview Content */ = {
			isa = PBXGroup;
			children = (
				9BA6CD7526B4F55F00BC12AE /* Preview Assets.xcassets */,
			);
			path = "Preview Content";
			sourceTree = "<group>";
		};
/* End PBXGroup section */

/* Begin PBXNativeTarget section */
		9BA6CD6A26B4F55E00BC12AE /* ADAAcademySwiftUI */ = {
			isa = PBXNativeTarget;
			buildConfigurationList = 9BA6CD7F26B4F55F00BC12AE /* Build configuration list for PBXNativeTarget "ADAAcademySwiftUI" */;
			buildPhases = (
				9BA6CD6726B4F55E00BC12AE /* Sources */,
				9BA6CD6826B4F55E00BC12AE /* Frameworks */,
				9BA6CD6926B4F55E00BC12AE /* Resources */,
			);
			buildRules = (
			);
			dependencies = (
			);
			name = ADAAcademySwiftUI;
			productName = ADAAcademySwiftUI;
			productReference = 9BA6CD6B26B4F55E00BC12AE /* ADAAcademySwiftUI.app */;
			productType = "com.apple.product-type.application";
		};
/* End PBXNativeTarget section */

/* Begin PBXProject section */
		9BA6CD6326B4F55E00BC12AE /* Project object */ = {
			isa = PBXProject;
			attributes = {
				LastSwiftUpdateCheck = 1250;
				LastUpgradeCheck = 1250;
				TargetAttributes = {
					9BA6CD6A26B4F55E00BC12AE = {
						CreatedOnToolsVersion = 12.5.1;
					};
				};
			};
			buildConfigurationList = 9BA6CD6626B4F55E00BC12AE /* Build configuration list for PBXProject "ADAAcademySwiftUI" */;
			compatibilityVersion = "Xcode 9.3";
			developmentRegion = en;
			hasScannedForEncodings = 0;
			knownRegions = (
				en,
				Base,
			);
			mainGroup = 9BA6CD6226B4F55E00BC12AE;
			productRefGroup = 9BA6CD6C26B4F55E00BC12AE /* Products */;
			projectDirPath = "";
			projectRoot = "";
			targets = (
				9BA6CD6A26B4F55E00BC12AE /* ADAAcademySwiftUI */,
			);
		};
/* End PBXProject section */

/* Begin PBXResourcesBuildPhase section */
		9BA6CD6926B4F55E00BC12AE /* Resources */ = {
			isa = PBXResourcesBuildPhase;
			buildActionMask = 2147483647;
			files = (
				9BA6CD7626B4F55F00BC12AE /* Preview Assets.xcassets in Resources */,
				9BA6CD7326B4F55F00BC12AE /* Assets.xcassets in Resources */,
			);
			runOnlyForDeploymentPostprocessing = 0;
		};
/* End PBXResourcesBuildPhase section */

/* Begin PBXSourcesBuildPhase section */
		9BA6CD6726B4F55E00BC12AE /* Sources */ = {
			isa = PBXSourcesBuildPhase;
			buildActionMask = 2147483647;
			files = (
				9BA6CD7826B4F55F00BC12AE /* Persistence.swift in Sources */,
				9BA6CD7126B4F55E00BC12AE /* ContentView.swift in Sources */,
				9BA6CD6F26B4F55E00BC12AE /* ADAAcademySwiftUIApp.swift in Sources */,
				9BA6CD7B26B4F55F00BC12AE /* ADAAcademySwiftUI.xcdatamodeld in Sources */,
			);
			runOnlyForDeploymentPostprocessing = 0;
		};
/* End PBXSourcesBuildPhase section */

/* Begin XCBuildConfiguration section */
		9BA6CD7D26B4F55F00BC12AE /* Debug */ = {
			isa = XCBuildConfiguration;
			buildSettings = {
				ALWAYS_SEARCH_USER_PATHS = NO;
				CLANG_ANALYZER_NONNULL = YES;
				CLANG_ANALYZER_NUMBER_OBJECT_CONVERSION = YES_AGGRESSIVE;
				CLANG_CXX_LANGUAGE_STANDARD = "gnu++14";
				CLANG_CXX_LIBRARY = "libc++";
				CLANG_ENABLE_MODULES = YES;
				CLANG_ENABLE_OBJC_ARC = YES;
				CLANG_ENABLE_OBJC_WEAK = YES;
				CLANG_WARN_BLOCK_CAPTURE_AUTORELEASING = YES;
				CLANG_WARN_BOOL_CONVERSION = YES;
				CLANG_WARN_COMMA = YES;
				CLANG_WARN_CONSTANT_CONVERSION = YES;
				CLANG_WARN_DEPRECATED_OBJC_IMPLEMENTATIONS = YES;
				CLANG_WARN_DIRECT_OBJC_ISA_USAGE = YES_ERROR;
				CLANG_WARN_DOCUMENTATION_COMMENTS = YES;
				CLANG_WARN_EMPTY_BODY = YES;
				CLANG_WARN_ENUM_CONVERSION = YES;
				CLANG_WARN_INFINITE_RECURSION = YES;
				CLANG_WARN_INT_CONVERSION = YES;
				CLANG_WARN_NON_LITERAL_NULL_CONVERSION = YES;
				CLANG_WARN_OBJC_IMPLICIT_RETAIN_SELF = YES;
				CLANG_WARN_OBJC_LITERAL_CONVERSION = YES;
				CLANG_WARN_OBJC_ROOT_CLASS = YES_ERROR;
				CLANG_WARN_QUOTED_INCLUDE_IN_FRAMEWORK_HEADER = YES;
				CLANG_WARN_RANGE_LOOP_ANALYSIS = YES;
				CLANG_WARN_STRICT_PROTOTYPES = YES;
				CLANG_WARN_SUSPICIOUS_MOVE = YES;
				CLANG_WARN_UNGUARDED_AVAILABILITY = YES_AGGRESSIVE;
				CLANG_WARN_UNREACHABLE_CODE = YES;
				CLANG_WARN__DUPLICATE_METHOD_MATCH = YES;
				COPY_PHASE_STRIP = NO;
				DEBUG_INFORMATION_FORMAT = dwarf;
				ENABLE_STRICT_OBJC_MSGSEND = YES;
				ENABLE_TESTABILITY = YES;
				GCC_C_LANGUAGE_STANDARD = gnu11;
				GCC_DYNAMIC_NO_PIC = NO;
				GCC_NO_COMMON_BLOCKS = YES;
				GCC_OPTIMIZATION_LEVEL = 0;
				GCC_PREPROCESSOR_DEFINITIONS = (
					"DEBUG=1",
					"$(inherited)",
				);
				GCC_WARN_64_TO_32_BIT_CONVERSION = YES;
				GCC_WARN_ABOUT_RETURN_TYPE = YES_ERROR;
				GCC_WARN_UNDECLARED_SELECTOR = YES;
				GCC_WARN_UNINITIALIZED_AUTOS = YES_AGGRESSIVE;
				GCC_WARN_UNUSED_FUNCTION = YES;
				GCC_WARN_UNUSED_VARIABLE = YES;
				IPHONEOS_DEPLOYMENT_TARGET = 15.0;
				MTL_ENABLE_DEBUG_INFO = INCLUDE_SOURCE;
				MTL_FAST_MATH = YES;
				ONLY_ACTIVE_ARCH = YES;
				SDKROOT = iphoneos;
				SWIFT_ACTIVE_COMPILATION_CONDITIONS = DEBUG;
				SWIFT_OPTIMIZATION_LEVEL = "-Onone";
			};
			name = Debug;
		};
		9BA6CD7E26B4F55F00BC12AE /* Release */ = {
			isa = XCBuildConfiguration;
			buildSettings = {
				ALWAYS_SEARCH_USER_PATHS = NO;
				CLANG_ANALYZER_NONNULL = YES;
				CLANG_ANALYZER_NUMBER_OBJECT_CONVERSION = YES_AGGRESSIVE;
				CLANG_CXX_LANGUAGE_STANDARD = "gnu++14";
				CLANG_CXX_LIBRARY = "libc++";
				CLANG_ENABLE_MODULES = YES;
				CLANG_ENABLE_OBJC_ARC = YES;
				CLANG_ENABLE_OBJC_WEAK = YES;
				CLANG_WARN_BLOCK_CAPTURE_AUTORELEASING = YES;
				CLANG_WARN_BOOL_CONVERSION = YES;
				CLANG_WARN_COMMA = YES;
				CLANG_WARN_CONSTANT_CONVERSION = YES;
				CLANG_WARN_DEPRECATED_OBJC_IMPLEMENTATIONS = YES;
				CLANG_WARN_DIRECT_OBJC_ISA_USAGE = YES_ERROR;
				CLANG_WARN_DOCUMENTATION_COMMENTS = YES;
				CLANG_WARN_EMPTY_BODY = YES;
				CLANG_WARN_ENUM_CONVERSION = YES;
				CLANG_WARN_INFINITE_RECURSION = YES;
				CLANG_WARN_INT_CONVERSION = YES;
				CLANG_WARN_NON_LITERAL_NULL_CONVERSION = YES;
				CLANG_WARN_OBJC_IMPLICIT_RETAIN_SELF = YES;
				CLANG_WARN_OBJC_LITERAL_CONVERSION = YES;
				CLANG_WARN_OBJC_ROOT_CLASS = YES_ERROR;
				CLANG_WARN_QUOTED_INCLUDE_IN_FRAMEWORK_HEADER = YES;
				CLANG_WARN_RANGE_LOOP_ANALYSIS = YES;
				CLANG_WARN_STRICT_PROTOTYPES = YES;
				CLANG_WARN_SUSPICIOUS_MOVE = YES;
				CLANG_WARN_UNGUARDED_AVAILABILITY = YES_AGGRESSIVE;
				CLANG_WARN_UNREACHABLE_CODE = YES;
				CLANG_WARN__DUPLICATE_METHOD_MATCH = YES;
				COPY_PHASE_STRIP = NO;
				DEBUG_INFORMATION_FORMAT = "dwarf-with-dsym";
				ENABLE_NS_ASSERTIONS = NO;
				ENABLE_STRICT_OBJC_MSGSEND = YES;
				GCC_C_LANGUAGE_STANDARD = gnu11;
				GCC_NO_COMMON_BLOCKS = YES;
				GCC_WARN_64_TO_32_BIT_CONVERSION = YES;
				GCC_WARN_ABOUT_RETURN_TYPE = YES_ERROR;
				GCC_WARN_UNDECLARED_SELECTOR = YES;
				GCC_WARN_UNINITIALIZED_AUTOS = YES_AGGRESSIVE;
				GCC_WARN_UNUSED_FUNCTION = YES;
				GCC_WARN_UNUSED_VARIABLE = YES;
				IPHONEOS_DEPLOYMENT_TARGET = 15.0;
				MTL_ENABLE_DEBUG_INFO = NO;
				MTL_FAST_MATH = YES;
				SDKROOT = iphoneos;
				SWIFT_COMPILATION_MODE = wholemodule;
				SWIFT_OPTIMIZATION_LEVEL = "-O";
				VALIDATE_PRODUCT = YES;
			};
			name = Release;
		};
		9BA6CD8026B4F55F00BC12AE /* Debug */ = {
			isa = XCBuildConfiguration;
			buildSettings = {
				ASSETCATALOG_COMPILER_APPICON_NAME = AppIcon;
				ASSETCATALOG_COMPILER_GLOBAL_ACCENT_COLOR_NAME = AccentColor;
				CODE_SIGN_STYLE = Automatic;
				DEVELOPMENT_ASSET_PATHS = "\"ADAAcademySwiftUI/Preview Content\"";
				DEVELOPMENT_TEAM = 52RX5R54N7;
				ENABLE_PREVIEWS = YES;
				INFOPLIST_FILE = ADAAcademySwiftUI/Info.plist;
				IPHONEOS_DEPLOYMENT_TARGET = 14.0;
				LD_RUNPATH_SEARCH_PATHS = (
					"$(inherited)",
					"@executable_path/Frameworks",
				);
				PRODUCT_BUNDLE_IDENTIFIER = ada.tafa.ADAAcademySwiftUI;
				PRODUCT_NAME = "$(TARGET_NAME)";
				SWIFT_VERSION = 5.0;
				TARGETED_DEVICE_FAMILY = "1,2";
			};
			name = Debug;
		};
		9BA6CD8126B4F55F00BC12AE /* Release */ = {
			isa = XCBuildConfiguration;
			buildSettings = {
				ASSETCATALOG_COMPILER_APPICON_NAME = AppIcon;
				ASSETCATALOG_COMPILER_GLOBAL_ACCENT_COLOR_NAME = AccentColor;
				CODE_SIGN_STYLE = Automatic;
				DEVELOPMENT_ASSET_PATHS = "\"ADAAcademySwiftUI/Preview Content\"";
				DEVELOPMENT_TEAM = 52RX5R54N7;
				ENABLE_PREVIEWS = YES;
				INFOPLIST_FILE = ADAAcademySwiftUI/Info.plist;
				IPHONEOS_DEPLOYMENT_TARGET = 14.0;
				LD_RUNPATH_SEARCH_PATHS = (
					"$(inherited)",
					"@executable_path/Frameworks",
				);
				PRODUCT_BUNDLE_IDENTIFIER = ada.tafa.ADAAcademySwiftUI;
				PRODUCT_NAME = "$(TARGET_NAME)";
				SWIFT_VERSION = 5.0;
				TARGETED_DEVICE_FAMILY = "1,2";
			};
			name = Release;
		};
/* End XCBuildConfiguration section */

/* Begin XCConfigurationList section */
		9BA6CD6626B4F55E00BC12AE /* Build configuration list for PBXProject "ADAAcademySwiftUI" */ = {
			isa = XCConfigurationList;
			buildConfigurations = (
				9BA6CD7D26B4F55F00BC12AE /* Debug */,
				9BA6CD7E26B4F55F00BC12AE /* Release */,
			);
			defaultConfigurationIsVisible = 0;
			defaultConfigurationName = Release;
		};
		9BA6CD7F26B4F55F00BC12AE /* Build configuration list for PBXNativeTarget "ADAAcademySwiftUI" */ = {
			isa = XCConfigurationList;
			buildConfigurations = (
				9BA6CD8026B4F55F00BC12AE /* Debug */,
				9BA6CD8126B4F55F00BC12AE /* Release */,
			);
			defaultConfigurationIsVisible = 0;
			defaultConfigurationName = Release;
		};
/* End XCConfigurationList section */

/* Begin XCVersionGroup section */
		9BA6CD7926B4F55F00BC12AE /* ADAAcademySwiftUI.xcdatamodeld */ = {
			isa = XCVersionGroup;
			children = (
				9BA6CD7A26B4F55F00BC12AE /* ADAAcademySwiftUI.xcdatamodel */,
			);
			currentVersion = 9BA6CD7A26B4F55F00BC12AE /* ADAAcademySwiftUI.xcdatamodel */;
			path = ADAAcademySwiftUI.xcdatamodeld;
			sourceTree = "<group>";
			versionGroupType = wrapper.xcdatamodel;
		};
/* End XCVersionGroup section */
	};
	rootObject = 9BA6CD6326B4F55E00BC12AE /* Project object */;
}
